
Microsoft Visual Studio Solution File, Format Version 12.00
# Visual Studio Version 16
VisualStudioVersion = 16.0.30711.63
MinimumVisualStudioVersion = 10.0.40219.1
Project("{FAE04EC0-301F-11D3-BF4B-00C04F79EFBC}") = "RestWithASPNET", "RestWithASPNET\RestWithASPNET.csproj", "{BE1D2417-D0AB-4DDF-8F82-B2C8108BDB78}"
EndProject
Project("{FAE04EC0-301F-11D3-BF4B-00C04F79EFBC}") = "Authentication", "Authentication\Authentication.csproj", "{EF2D8D60-DBFC-4DD5-BD42-626C281328AB}"
EndProject
Global
	GlobalSection(SolutionConfigurationPlatforms) = preSolution
		Debug|Any CPU = Debug|Any CPU
		Release|Any CPU = Release|Any CPU
	EndGlobalSection
	GlobalSection(ProjectConfigurationPlatforms) = postSolution
		{BE1D2417-D0AB-4DDF-8F82-B2C8108BDB78}.Debug|Any CPU.ActiveCfg = Debug|Any CPU
		{BE1D2417-D0AB-4DDF-8F82-B2C8108BDB78}.Debug|Any CPU.Build.0 = Debug|Any CPU
		{BE1D2417-D0AB-4DDF-8F82-B2C8108BDB78}.Release|Any CPU.ActiveCfg = Release|Any CPU
		{BE1D2417-D0AB-4DDF-8F82-B2C8108BDB78}.Release|Any CPU.Build.0 = Release|Any CPU
		{EF2D8D60-DBFC-4DD5-BD42-626C281328AB}.Debug|Any CPU.ActiveCfg = Debug|Any CPU
		{EF2D8D60-DBFC-4DD5-BD42-626C281328AB}.Debug|Any CPU.Build.0 = Debug|Any CPU
		{EF2D8D60-DBFC-4DD5-BD42-626C281328AB}.Release|Any CPU.ActiveCfg = Release|Any CPU
		{EF2D8D60-DBFC-4DD5-BD42-626C281328AB}.Release|Any CPU.Build.0 = Release|Any CPU
	EndGlobalSection
	GlobalSection(SolutionProperties) = preSolution
		HideSolutionNode = FALSE
	EndGlobalSection
	GlobalSection(ExtensibilityGlobals) = postSolution
		SolutionGuid = {FBCC70DF-282C-45E8-A0FE-103B372DCC12}
	EndGlobalSection
EndGlobal
